
Microsoft Visual Studio Solution File, Format Version 12.00
# Visual Studio Version 16
VisualStudioVersion = 16.0.29519.181
MinimumVisualStudioVersion = 10.0.40219.1
Project("{FAE04EC0-301F-11D3-BF4B-00C04F79EFBC}") = "Calc", "Calc\Calc.csproj", "{8BC8FC46-A121-48F5-903B-45E72AC742D8}"
EndProject
Global
	GlobalSection(SolutionConfigurationPlatforms) = preSolution
		Debug|Any CPU = Debug|Any CPU
		Release|Any CPU = Release|Any CPU
	EndGlobalSection
	GlobalSection(ProjectConfigurationPlatforms) = postSolution
		{8BC8FC46-A121-48F5-903B-45E72AC742D8}.Debug|Any CPU.ActiveCfg = Debug|Any CPU
		{8BC8FC46-A121-48F5-903B-45E72AC742D8}.Debug|Any CPU.Build.0 = Debug|Any CPU
		{8BC8FC46-A121-48F5-903B-45E72AC742D8}.Release|Any CPU.ActiveCfg = Release|Any CPU
		{8BC8FC46-A121-48F5-903B-45E72AC742D8}.Release|Any CPU.Build.0 = Release|Any CPU
	EndGlobalSection
	GlobalSection(SolutionProperties) = preSolution
		HideSolutionNode = FALSE
	EndGlobalSection
	GlobalSection(ExtensibilityGlobals) = postSolution
		SolutionGuid = {B5BF0CA2-2F5A-41DB-9D3B-C30CBC54228C}
	EndGlobalSection
EndGlobal
